
Microsoft Visual Studio Solution File, Format Version 12.00
# Visual Studio Version 16
VisualStudioVersion = 16.0.29609.76
MinimumVisualStudioVersion = 10.0.40219.1
Project("{9A19103F-16F7-4668-BE54-9A1E7A4F7556}") = "PaymentGateway", "PaymentGateway\PaymentGateway.csproj", "{706A1B34-60FE-41D0-9D86-B1F8F7B5995D}"
EndProject
Project("{9A19103F-16F7-4668-BE54-9A1E7A4F7556}") = "PaymentGatewayTests", "PaymentGatewayTests\PaymentGatewayTests.csproj", "{29519FBA-277D-4393-890C-BDD81C1931FC}"
EndProject
Project("{2150E333-8FDC-42A3-9474-1A3956D46DE8}") = "Solution Items", "Solution Items", "{38D884F8-C755-4653-8709-00F0068139BF}"
	ProjectSection(SolutionItems) = preProject
		Documentation.txt = Documentation.txt
	EndProjectSection
EndProject
Global
	GlobalSection(SolutionConfigurationPlatforms) = preSolution
		Debug|Any CPU = Debug|Any CPU
		Release|Any CPU = Release|Any CPU
	EndGlobalSection
	GlobalSection(ProjectConfigurationPlatforms) = postSolution
		{706A1B34-60FE-41D0-9D86-B1F8F7B5995D}.Debug|Any CPU.ActiveCfg = Debug|Any CPU
		{706A1B34-60FE-41D0-9D86-B1F8F7B5995D}.Debug|Any CPU.Build.0 = Debug|Any CPU
		{706A1B34-60FE-41D0-9D86-B1F8F7B5995D}.Release|Any CPU.ActiveCfg = Release|Any CPU
		{706A1B34-60FE-41D0-9D86-B1F8F7B5995D}.Release|Any CPU.Build.0 = Release|Any CPU
		{29519FBA-277D-4393-890C-BDD81C1931FC}.Debug|Any CPU.ActiveCfg = Debug|Any CPU
		{29519FBA-277D-4393-890C-BDD81C1931FC}.Debug|Any CPU.Build.0 = Debug|Any CPU
		{29519FBA-277D-4393-890C-BDD81C1931FC}.Release|Any CPU.ActiveCfg = Release|Any CPU
		{29519FBA-277D-4393-890C-BDD81C1931FC}.Release|Any CPU.Build.0 = Release|Any CPU
	EndGlobalSection
	GlobalSection(SolutionProperties) = preSolution
		HideSolutionNode = FALSE
	EndGlobalSection
	GlobalSection(ExtensibilityGlobals) = postSolution
		SolutionGuid = {421941C4-E522-4ADA-B79B-6E54A9F4CB72}
	EndGlobalSection
EndGlobal
